// !$*UTF8*$!
{
	archiveVersion = 1;
	classes = {
	};
	objectVersion = 52;
	objects = {

/* Begin PBXBuildFile section */
		7629A3531FF11A7F007402FB /* ContainerViewController.swift in Sources */ = {isa = PBXBuildFile; fileRef = 7629A3521FF11A7F007402FB /* ContainerViewController.swift */; };
		763764D21FC3125500B41B05 /* PopoverTableViewController.swift in Sources */ = {isa = PBXBuildFile; fileRef = 763764D11FC3125500B41B05 /* PopoverTableViewController.swift */; };
		7654260D2001CB8600D2FB72 /* CloudKit.framework in Frameworks */ = {isa = PBXBuildFile; fileRef = 7654260C2001CB8600D2FB72 /* CloudKit.framework */; };
		76556B4822D8CDDE00B3869D /* README.md in Resources */ = {isa = PBXBuildFile; fileRef = 76556B4722D8CDDE00B3869D /* README.md */; };
		766439E71F7C92D600DAF771 /* AppDelegate.swift in Sources */ = {isa = PBXBuildFile; fileRef = 766439E61F7C92D600DAF771 /* AppDelegate.swift */; };
		766439E91F7C92D600DAF771 /* DocumentBrowserViewController.swift in Sources */ = {isa = PBXBuildFile; fileRef = 766439E81F7C92D600DAF771 /* DocumentBrowserViewController.swift */; };
		766439EB1F7C92D600DAF771 /* DocumentViewController.swift in Sources */ = {isa = PBXBuildFile; fileRef = 766439EA1F7C92D600DAF771 /* DocumentViewController.swift */; };
		766439ED1F7C92D600DAF771 /* Document.swift in Sources */ = {isa = PBXBuildFile; fileRef = 766439EC1F7C92D600DAF771 /* Document.swift */; };
		766439F01F7C92D600DAF771 /* Main.storyboard in Resources */ = {isa = PBXBuildFile; fileRef = 766439EE1F7C92D600DAF771 /* Main.storyboard */; };
		766439F21F7C92D600DAF771 /* Assets.xcassets in Resources */ = {isa = PBXBuildFile; fileRef = 766439F11F7C92D600DAF771 /* Assets.xcassets */; };
		766439F51F7C92D600DAF771 /* LaunchScreen.storyboard in Resources */ = {isa = PBXBuildFile; fileRef = 766439F31F7C92D600DAF771 /* LaunchScreen.storyboard */; };
		76655A8E2187E04B00164F81 /* PDFReaderUITests.swift in Sources */ = {isa = PBXBuildFile; fileRef = 76655A8D2187E04B00164F81 /* PDFReaderUITests.swift */; };
		766D15901FFCCFA500A57C18 /* Localizable.strings in Resources */ = {isa = PBXBuildFile; fileRef = 766D15921FFCCFA500A57C18 /* Localizable.strings */; };
		767C12C81F9CEC87000CE311 /* Settings.bundle in Resources */ = {isa = PBXBuildFile; fileRef = 767C12C71F9CEC87000CE311 /* Settings.bundle */; };
		767D57D420A08F6E001556B7 /* SearchViewController.swift in Sources */ = {isa = PBXBuildFile; fileRef = 767D57D320A08F6E001556B7 /* SearchViewController.swift */; };
		7684DC131FF07F2F00B36E26 /* PaddingLabel.swift in Sources */ = {isa = PBXBuildFile; fileRef = 7684DC121FF07F2F00B36E26 /* PaddingLabel.swift */; };
		769EA59A218B215700EB2ABE /* Localizable.strings in Resources */ = {isa = PBXBuildFile; fileRef = 766D15921FFCCFA500A57C18 /* Localizable.strings */; };
		76A4F6011FFB240E00F2CE11 /* OutlineTableViewCell.swift in Sources */ = {isa = PBXBuildFile; fileRef = 76A4F6001FFB240E00F2CE11 /* OutlineTableViewCell.swift */; };
		76B7CFE3218AE89B00935F59 /* SnapshotHelper.swift in Sources */ = {isa = PBXBuildFile; fileRef = 76B7CFE2218AE89B00935F59 /* SnapshotHelper.swift */; };
		76C185F61FFF67D200F83A1B /* PDFReader.xcdatamodeld in Sources */ = {isa = PBXBuildFile; fileRef = 76C185F41FFF67D200F83A1B /* PDFReader.xcdatamodeld */; };
		76DED9BA1FF67EA500CF5A23 /* OutlineTableViewController.swift in Sources */ = {isa = PBXBuildFile; fileRef = 76DED9B91FF67EA500CF5A23 /* OutlineTableViewController.swift */; };
		76E72E7B20A3281800350EF4 /* SearchExtension.swift in Sources */ = {isa = PBXBuildFile; fileRef = 76E72E7A20A3281800350EF4 /* SearchExtension.swift */; };
		76FB109B1FEEA4A0005F1F5B /* ThumbnailCollectionViewController.swift in Sources */ = {isa = PBXBuildFile; fileRef = 76FB109A1FEEA4A0005F1F5B /* ThumbnailCollectionViewController.swift */; };
		C750558E25D8BF5F005D6DC3 /* HGPDFKit in Frameworks */ = {isa = PBXBuildFile; productRef = C750558D25D8BF5F005D6DC3 /* HGPDFKit */; };
/* End PBXBuildFile section */

/* Begin PBXContainerItemProxy section */
		76655A902187E04B00164F81 /* PBXContainerItemProxy */ = {
			isa = PBXContainerItemProxy;
			containerPortal = 766439DB1F7C92D600DAF771 /* Project object */;
			proxyType = 1;
			remoteGlobalIDString = 766439E21F7C92D600DAF771;
			remoteInfo = PDFReader;
		};
/* End PBXContainerItemProxy section */

/* Begin PBXFileReference section */
		76133A402189280100B7E660 /* ko */ = {isa = PBXFileReference; lastKnownFileType = text.plist.strings; name = ko; path = ko.lproj/Main.strings; sourceTree = "<group>"; };
		76133A412189280100B7E660 /* ko */ = {isa = PBXFileReference; lastKnownFileType = text.plist.strings; name = ko; path = ko.lproj/Localizable.strings; sourceTree = "<group>"; };
		7629A3521FF11A7F007402FB /* ContainerViewController.swift */ = {isa = PBXFileReference; lastKnownFileType = sourcecode.swift; path = ContainerViewController.swift; sourceTree = "<group>"; };
		763764D11FC3125500B41B05 /* PopoverTableViewController.swift */ = {isa = PBXFileReference; lastKnownFileType = sourcecode.swift; path = PopoverTableViewController.swift; sourceTree = "<group>"; };
		7654260A2001CB8400D2FB72 /* PDFReader.entitlements */ = {isa = PBXFileReference; lastKnownFileType = text.plist.entitlements; path = PDFReader.entitlements; sourceTree = "<group>"; };
		7654260C2001CB8600D2FB72 /* CloudKit.framework */ = {isa = PBXFileReference; lastKnownFileType = wrapper.framework; name = CloudKit.framework; path = System/Library/Frameworks/CloudKit.framework; sourceTree = SDKROOT; };
		76556B4722D8CDDE00B3869D /* README.md */ = {isa = PBXFileReference; fileEncoding = 4; lastKnownFileType = net.daringfireball.markdown; path = README.md; sourceTree = "<group>"; };
		766221E820AFF39900B84B2F /* ja */ = {isa = PBXFileReference; lastKnownFileType = text.plist.strings; name = ja; path = ja.lproj/Main.strings; sourceTree = "<group>"; };
		766221EA20AFF41300B84B2F /* zh-Hant */ = {isa = PBXFileReference; lastKnownFileType = text.plist.strings; name = "zh-Hant"; path = "zh-Hant.lproj/Main.strings"; sourceTree = "<group>"; };
		766221EC20AFF41C00B84B2F /* zh-Hans */ = {isa = PBXFileReference; lastKnownFileType = text.plist.strings; name = "zh-Hans"; path = "zh-Hans.lproj/Main.strings"; sourceTree = "<group>"; };
		766221EE20AFF42500B84B2F /* yue-Hant */ = {isa = PBXFileReference; lastKnownFileType = text.plist.strings; name = "yue-Hant"; path = "yue-Hant.lproj/Main.strings"; sourceTree = "<group>"; };
		766439E31F7C92D600DAF771 /* PDFReader.app */ = {isa = PBXFileReference; explicitFileType = wrapper.application; includeInIndex = 0; path = PDFReader.app; sourceTree = BUILT_PRODUCTS_DIR; };
		766439E61F7C92D600DAF771 /* AppDelegate.swift */ = {isa = PBXFileReference; lastKnownFileType = sourcecode.swift; path = AppDelegate.swift; sourceTree = "<group>"; };
		766439E81F7C92D600DAF771 /* DocumentBrowserViewController.swift */ = {isa = PBXFileReference; lastKnownFileType = sourcecode.swift; path = DocumentBrowserViewController.swift; sourceTree = "<group>"; };
		766439EA1F7C92D600DAF771 /* DocumentViewController.swift */ = {isa = PBXFileReference; lastKnownFileType = sourcecode.swift; path = DocumentViewController.swift; sourceTree = "<group>"; };
		766439EC1F7C92D600DAF771 /* Document.swift */ = {isa = PBXFileReference; lastKnownFileType = sourcecode.swift; path = Document.swift; sourceTree = "<group>"; };
		766439EF1F7C92D600DAF771 /* Base */ = {isa = PBXFileReference; lastKnownFileType = file.storyboard; name = Base; path = Base.lproj/Main.storyboard; sourceTree = "<group>"; };
		766439F11F7C92D600DAF771 /* Assets.xcassets */ = {isa = PBXFileReference; lastKnownFileType = folder.assetcatalog; path = Assets.xcassets; sourceTree = "<group>"; };
		766439F41F7C92D600DAF771 /* Base */ = {isa = PBXFileReference; lastKnownFileType = file.storyboard; name = Base; path = Base.lproj/LaunchScreen.storyboard; sourceTree = "<group>"; };
		766439F61F7C92D600DAF771 /* Info.plist */ = {isa = PBXFileReference; lastKnownFileType = text.plist.xml; path = Info.plist; sourceTree = "<group>"; };
		76655A8B2187E04B00164F81 /* PDFReaderUITests.xctest */ = {isa = PBXFileReference; explicitFileType = wrapper.cfbundle; includeInIndex = 0; path = PDFReaderUITests.xctest; sourceTree = BUILT_PRODUCTS_DIR; };
		76655A8D2187E04B00164F81 /* PDFReaderUITests.swift */ = {isa = PBXFileReference; lastKnownFileType = sourcecode.swift; path = PDFReaderUITests.swift; sourceTree = "<group>"; };
		76655A8F2187E04B00164F81 /* Info.plist */ = {isa = PBXFileReference; lastKnownFileType = text.plist.xml; path = Info.plist; sourceTree = "<group>"; };
		766D15931FFCCFAE00A57C18 /* Base */ = {isa = PBXFileReference; lastKnownFileType = text.plist.strings; name = Base; path = Base.lproj/Localizable.strings; sourceTree = "<group>"; };
		766D15941FFCCFB100A57C18 /* ja */ = {isa = PBXFileReference; lastKnownFileType = text.plist.strings; name = ja; path = ja.lproj/Localizable.strings; sourceTree = "<group>"; };
		767C12C71F9CEC87000CE311 /* Settings.bundle */ = {isa = PBXFileReference; lastKnownFileType = "wrapper.plug-in"; path = Settings.bundle; sourceTree = "<group>"; };
		767D57D320A08F6E001556B7 /* SearchViewController.swift */ = {isa = PBXFileReference; lastKnownFileType = sourcecode.swift; path = SearchViewController.swift; sourceTree = "<group>"; };
		7684DC121FF07F2F00B36E26 /* PaddingLabel.swift */ = {isa = PBXFileReference; lastKnownFileType = sourcecode.swift; path = PaddingLabel.swift; sourceTree = "<group>"; };
		768BC58820B1369100D044EF /* AlternateIcons.xcassets */ = {isa = PBXFileReference; lastKnownFileType = folder.assetcatalog; path = AlternateIcons.xcassets; sourceTree = "<group>"; };
		76A4F6001FFB240E00F2CE11 /* OutlineTableViewCell.swift */ = {isa = PBXFileReference; lastKnownFileType = sourcecode.swift; path = OutlineTableViewCell.swift; sourceTree = "<group>"; };
		76B2397C20035B8500DE621B /* zh-Hant */ = {isa = PBXFileReference; lastKnownFileType = text.plist.strings; name = "zh-Hant"; path = "zh-Hant.lproj/Localizable.strings"; sourceTree = "<group>"; };
		76B2397E20035F5100DE621B /* zh-Hans */ = {isa = PBXFileReference; lastKnownFileType = text.plist.strings; name = "zh-Hans"; path = "zh-Hans.lproj/Localizable.strings"; sourceTree = "<group>"; };
		76B2398120036BE300DE621B /* yue-Hant */ = {isa = PBXFileReference; lastKnownFileType = text.plist.strings; name = "yue-Hant"; path = "yue-Hant.lproj/Localizable.strings"; sourceTree = "<group>"; };
		76B7CFE2218AE89B00935F59 /* SnapshotHelper.swift */ = {isa = PBXFileReference; fileEncoding = 4; lastKnownFileType = sourcecode.swift; path = SnapshotHelper.swift; sourceTree = SOURCE_ROOT; };
		76C185F51FFF67D200F83A1B /* PDFReader.xcdatamodel */ = {isa = PBXFileReference; lastKnownFileType = wrapper.xcdatamodel; path = PDFReader.xcdatamodel; sourceTree = "<group>"; };
		76DED9B91FF67EA500CF5A23 /* OutlineTableViewController.swift */ = {isa = PBXFileReference; lastKnownFileType = sourcecode.swift; path = OutlineTableViewController.swift; sourceTree = "<group>"; };
		76E72E7A20A3281800350EF4 /* SearchExtension.swift */ = {isa = PBXFileReference; lastKnownFileType = sourcecode.swift; path = SearchExtension.swift; sourceTree = "<group>"; };
		76FB109A1FEEA4A0005F1F5B /* ThumbnailCollectionViewController.swift */ = {isa = PBXFileReference; fileEncoding = 4; lastKnownFileType = sourcecode.swift; path = ThumbnailCollectionViewController.swift; sourceTree = "<group>"; };
/* End PBXFileReference section */

/* Begin PBXFrameworksBuildPhase section */
		766439E01F7C92D600DAF771 /* Frameworks */ = {
			isa = PBXFrameworksBuildPhase;
			buildActionMask = 2147483647;
			files = (
				7654260D2001CB8600D2FB72 /* CloudKit.framework in Frameworks */,
				C750558E25D8BF5F005D6DC3 /* HGPDFKit in Frameworks */,
			);
			runOnlyForDeploymentPostprocessing = 0;
		};
		76655A882187E04B00164F81 /* Frameworks */ = {
			isa = PBXFrameworksBuildPhase;
			buildActionMask = 2147483647;
			files = (
			);
			runOnlyForDeploymentPostprocessing = 0;
		};
/* End PBXFrameworksBuildPhase section */

/* Begin PBXGroup section */
		7654260B2001CB8600D2FB72 /* Frameworks */ = {
			isa = PBXGroup;
			children = (
				7654260C2001CB8600D2FB72 /* CloudKit.framework */,
			);
			name = Frameworks;
			sourceTree = "<group>";
		};
		766439DA1F7C92D600DAF771 = {
			isa = PBXGroup;
			children = (
				76556B4722D8CDDE00B3869D /* README.md */,
				766439E51F7C92D600DAF771 /* PDFReader */,
				76655A8C2187E04B00164F81 /* PDFReaderUITests */,
				766439E41F7C92D600DAF771 /* Products */,
				7654260B2001CB8600D2FB72 /* Frameworks */,
			);
			sourceTree = "<group>";
		};
		766439E41F7C92D600DAF771 /* Products */ = {
			isa = PBXGroup;
			children = (
				766439E31F7C92D600DAF771 /* PDFReader.app */,
				76655A8B2187E04B00164F81 /* PDFReaderUITests.xctest */,
			);
			name = Products;
			sourceTree = "<group>";
		};
		766439E51F7C92D600DAF771 /* PDFReader */ = {
			isa = PBXGroup;
			children = (
				7654260A2001CB8400D2FB72 /* PDFReader.entitlements */,
				766439E61F7C92D600DAF771 /* AppDelegate.swift */,
				766439E81F7C92D600DAF771 /* DocumentBrowserViewController.swift */,
				766439EA1F7C92D600DAF771 /* DocumentViewController.swift */,
				76E72E7A20A3281800350EF4 /* SearchExtension.swift */,
				766439EC1F7C92D600DAF771 /* Document.swift */,
				763764D11FC3125500B41B05 /* PopoverTableViewController.swift */,
				7629A3521FF11A7F007402FB /* ContainerViewController.swift */,
				76FB109A1FEEA4A0005F1F5B /* ThumbnailCollectionViewController.swift */,
				7684DC121FF07F2F00B36E26 /* PaddingLabel.swift */,
				76DED9B91FF67EA500CF5A23 /* OutlineTableViewController.swift */,
				76A4F6001FFB240E00F2CE11 /* OutlineTableViewCell.swift */,
				767D57D320A08F6E001556B7 /* SearchViewController.swift */,
				766439EE1F7C92D600DAF771 /* Main.storyboard */,
				766439F11F7C92D600DAF771 /* Assets.xcassets */,
				768BC58820B1369100D044EF /* AlternateIcons.xcassets */,
				766439F31F7C92D600DAF771 /* LaunchScreen.storyboard */,
				766439F61F7C92D600DAF771 /* Info.plist */,
				767C12C71F9CEC87000CE311 /* Settings.bundle */,
				766D15921FFCCFA500A57C18 /* Localizable.strings */,
				76C185F41FFF67D200F83A1B /* PDFReader.xcdatamodeld */,
			);
			path = PDFReader;
			sourceTree = "<group>";
		};
		76655A8C2187E04B00164F81 /* PDFReaderUITests */ = {
			isa = PBXGroup;
			children = (
				76655A8D2187E04B00164F81 /* PDFReaderUITests.swift */,
				76655A8F2187E04B00164F81 /* Info.plist */,
				76B7CFE2218AE89B00935F59 /* SnapshotHelper.swift */,
			);
			path = PDFReaderUITests;
			sourceTree = "<group>";
		};
/* End PBXGroup section */

/* Begin PBXNativeTarget section */
		766439E21F7C92D600DAF771 /* PDFReader */ = {
			isa = PBXNativeTarget;
			buildConfigurationList = 766439F91F7C92D600DAF771 /* Build configuration list for PBXNativeTarget "PDFReader" */;
			buildPhases = (
				766439DF1F7C92D600DAF771 /* Sources */,
				766439E01F7C92D600DAF771 /* Frameworks */,
				766439E11F7C92D600DAF771 /* Resources */,
				764728042016CE75005E5E88 /* ShellScript */,
				76DD098721820D9C00F35C96 /* Integrate Reveal Server */,
			);
			buildRules = (
			);
			dependencies = (
			);
			name = PDFReader;
			packageProductDependencies = (
				C750558D25D8BF5F005D6DC3 /* HGPDFKit */,
			);
			productName = PDFReader;
			productReference = 766439E31F7C92D600DAF771 /* PDFReader.app */;
			productType = "com.apple.product-type.application";
		};
		76655A8A2187E04B00164F81 /* PDFReaderUITests */ = {
			isa = PBXNativeTarget;
			buildConfigurationList = 76655A922187E04B00164F81 /* Build configuration list for PBXNativeTarget "PDFReaderUITests" */;
			buildPhases = (
				76655A872187E04B00164F81 /* Sources */,
				76655A882187E04B00164F81 /* Frameworks */,
				76655A892187E04B00164F81 /* Resources */,
			);
			buildRules = (
			);
			dependencies = (
				76655A912187E04B00164F81 /* PBXTargetDependency */,
			);
			name = PDFReaderUITests;
			productName = PDFReaderUITests;
			productReference = 76655A8B2187E04B00164F81 /* PDFReaderUITests.xctest */;
			productType = "com.apple.product-type.bundle.ui-testing";
		};
/* End PBXNativeTarget section */

/* Begin PBXProject section */
		766439DB1F7C92D600DAF771 /* Project object */ = {
			isa = PBXProject;
			attributes = {
				LastSwiftUpdateCheck = 1010;
				LastUpgradeCheck = 0930;
				ORGANIZATIONNAME = "Hacking Gate";
				TargetAttributes = {
					766439E21F7C92D600DAF771 = {
						CreatedOnToolsVersion = 9.0;
						LastSwiftMigration = 1010;
						ProvisioningStyle = Automatic;
						SystemCapabilities = {
							com.apple.Push = {
								enabled = 0;
							};
							com.apple.iCloud = {
								enabled = 1;
							};
						};
					};
					76655A8A2187E04B00164F81 = {
						CreatedOnToolsVersion = 10.1;
						ProvisioningStyle = Automatic;
						TestTargetID = 766439E21F7C92D600DAF771;
					};
				};
			};
			buildConfigurationList = 766439DE1F7C92D600DAF771 /* Build configuration list for PBXProject "PDFReader" */;
			compatibilityVersion = "Xcode 8.0";
			developmentRegion = en;
			hasScannedForEncodings = 0;
			knownRegions = (
				en,
				Base,
				ja,
				"zh-Hant",
				"zh-Hans",
				"yue-Hant",
				ko,
			);
			mainGroup = 766439DA1F7C92D600DAF771;
			packageReferences = (
				C750558C25D8BF5F005D6DC3 /* XCRemoteSwiftPackageReference "HGPDFKit" */,
			);
			productRefGroup = 766439E41F7C92D600DAF771 /* Products */;
			projectDirPath = "";
			projectRoot = "";
			targets = (
				766439E21F7C92D600DAF771 /* PDFReader */,
				76655A8A2187E04B00164F81 /* PDFReaderUITests */,
			);
		};
/* End PBXProject section */

/* Begin PBXResourcesBuildPhase section */
		766439E11F7C92D600DAF771 /* Resources */ = {
			isa = PBXResourcesBuildPhase;
			buildActionMask = 2147483647;
			files = (
				76556B4822D8CDDE00B3869D /* README.md in Resources */,
				766D15901FFCCFA500A57C18 /* Localizable.strings in Resources */,
				767C12C81F9CEC87000CE311 /* Settings.bundle in Resources */,
				766439F51F7C92D600DAF771 /* LaunchScreen.storyboard in Resources */,
				766439F21F7C92D600DAF771 /* Assets.xcassets in Resources */,
				766439F01F7C92D600DAF771 /* Main.storyboard in Resources */,
			);
			runOnlyForDeploymentPostprocessing = 0;
		};
		76655A892187E04B00164F81 /* Resources */ = {
			isa = PBXResourcesBuildPhase;
			buildActionMask = 2147483647;
			files = (
				769EA59A218B215700EB2ABE /* Localizable.strings in Resources */,
			);
			runOnlyForDeploymentPostprocessing = 0;
		};
/* End PBXResourcesBuildPhase section */

/* Begin PBXShellScriptBuildPhase section */
		764728042016CE75005E5E88 /* ShellScript */ = {
			isa = PBXShellScriptBuildPhase;
			buildActionMask = 2147483647;
			files = (
			);
			inputPaths = (
				"$(SRCROOT)/PDFReader/AlternateIcons.xcassets",
			);
			outputPaths = (
			);
			runOnlyForDeploymentPostprocessing = 0;
			shellPath = /bin/sh;
			shellScript = "# iOS alternate app icons from Asset Catalogs\n# https://github.com/alexaubry/alternate-icons#demo\nembed-alternate-icons\n\n# Version\nPLISTBUDDY=\"/usr/libexec/PlistBuddy\"\nINFO_PLIST=\"$CODESIGNING_FOLDER_PATH/Info.plist\"\nSETTINGS_PLIST=\"$CODESIGNING_FOLDER_PATH/Settings.bundle/Root.plist\"\nVERSION_NUMBER=\"`$PLISTBUDDY -c \\\"Print CFBundleShortVersionString\\\" \\\"$INFO_PLIST\\\"`\"\nBUILD_NUMBER=\"`$PLISTBUDDY -c \\\"Print CFBundleVersion\\\" \\\"$INFO_PLIST\\\"`\"\nVERSION=\"$VERSION_NUMBER ($BUILD_NUMBER)\"\n\n$PLISTBUDDY -c \"Set :PreferenceSpecifiers:0:DefaultValue '$VERSION'\" \"$SETTINGS_PLIST\"\n";
		};
		76DD098721820D9C00F35C96 /* Integrate Reveal Server */ = {
			isa = PBXShellScriptBuildPhase;
			buildActionMask = 2147483647;
			files = (
			);
			inputFileListPaths = (
			);
			inputPaths = (
			);
			name = "Integrate Reveal Server";
			outputFileListPaths = (
			);
			outputPaths = (
			);
			runOnlyForDeploymentPostprocessing = 0;
			shellPath = /bin/sh;
			shellScript = "REVEAL_APP_PATH=$(mdfind kMDItemCFBundleIdentifier=\"com.ittybittyapps.Reveal2\" | head -n 1)\nBUILD_SCRIPT_PATH=\"${REVEAL_APP_PATH}/Contents/SharedSupport/Scripts/reveal_server_build_phase.sh\"\nif [ \"${REVEAL_APP_PATH}\" -a -e \"${BUILD_SCRIPT_PATH}\" ]; then\n\"${BUILD_SCRIPT_PATH}\"\nelse\necho \"Reveal Server not loaded: Cannot find a compatible Reveal app.\"\nfi\n";
		};
/* End PBXShellScriptBuildPhase section */

/* Begin PBXSourcesBuildPhase section */
		766439DF1F7C92D600DAF771 /* Sources */ = {
			isa = PBXSourcesBuildPhase;
			buildActionMask = 2147483647;
			files = (
				766439ED1F7C92D600DAF771 /* Document.swift in Sources */,
				7684DC131FF07F2F00B36E26 /* PaddingLabel.swift in Sources */,
				7629A3531FF11A7F007402FB /* ContainerViewController.swift in Sources */,
				763764D21FC3125500B41B05 /* PopoverTableViewController.swift in Sources */,
				766439EB1F7C92D600DAF771 /* DocumentViewController.swift in Sources */,
				76DED9BA1FF67EA500CF5A23 /* OutlineTableViewController.swift in Sources */,
				76A4F6011FFB240E00F2CE11 /* OutlineTableViewCell.swift in Sources */,
				766439E91F7C92D600DAF771 /* DocumentBrowserViewController.swift in Sources */,
				767D57D420A08F6E001556B7 /* SearchViewController.swift in Sources */,
				76E72E7B20A3281800350EF4 /* SearchExtension.swift in Sources */,
				766439E71F7C92D600DAF771 /* AppDelegate.swift in Sources */,
				76FB109B1FEEA4A0005F1F5B /* ThumbnailCollectionViewController.swift in Sources */,
				76C185F61FFF67D200F83A1B /* PDFReader.xcdatamodeld in Sources */,
			);
			runOnlyForDeploymentPostprocessing = 0;
		};
		76655A872187E04B00164F81 /* Sources */ = {
			isa = PBXSourcesBuildPhase;
			buildActionMask = 2147483647;
			files = (
				76655A8E2187E04B00164F81 /* PDFReaderUITests.swift in Sources */,
				76B7CFE3218AE89B00935F59 /* SnapshotHelper.swift in Sources */,
			);
			runOnlyForDeploymentPostprocessing = 0;
		};
/* End PBXSourcesBuildPhase section */

/* Begin PBXTargetDependency section */
		76655A912187E04B00164F81 /* PBXTargetDependency */ = {
			isa = PBXTargetDependency;
			target = 766439E21F7C92D600DAF771 /* PDFReader */;
			targetProxy = 76655A902187E04B00164F81 /* PBXContainerItemProxy */;
		};
/* End PBXTargetDependency section */

/* Begin PBXVariantGroup section */
		766439EE1F7C92D600DAF771 /* Main.storyboard */ = {
			isa = PBXVariantGroup;
			children = (
				766439EF1F7C92D600DAF771 /* Base */,
				766221E820AFF39900B84B2F /* ja */,
				766221EA20AFF41300B84B2F /* zh-Hant */,
				766221EC20AFF41C00B84B2F /* zh-Hans */,
				766221EE20AFF42500B84B2F /* yue-Hant */,
				76133A402189280100B7E660 /* ko */,
			);
			name = Main.storyboard;
			sourceTree = "<group>";
		};
		766439F31F7C92D600DAF771 /* LaunchScreen.storyboard */ = {
			isa = PBXVariantGroup;
			children = (
				766439F41F7C92D600DAF771 /* Base */,
			);
			name = LaunchScreen.storyboard;
			sourceTree = "<group>";
		};
		766D15921FFCCFA500A57C18 /* Localizable.strings */ = {
			isa = PBXVariantGroup;
			children = (
				766D15931FFCCFAE00A57C18 /* Base */,
				766D15941FFCCFB100A57C18 /* ja */,
				76B2397C20035B8500DE621B /* zh-Hant */,
				76B2397E20035F5100DE621B /* zh-Hans */,
				76B2398120036BE300DE621B /* yue-Hant */,
				76133A412189280100B7E660 /* ko */,
			);
			name = Localizable.strings;
			sourceTree = "<group>";
		};
/* End PBXVariantGroup section */

/* Begin XCBuildConfiguration section */
		766439F71F7C92D600DAF771 /* Debug */ = {
			isa = XCBuildConfiguration;
			buildSettings = {
				ALWAYS_SEARCH_USER_PATHS = NO;
				CLANG_ANALYZER_LOCALIZABILITY_NONLOCALIZED = YES;
				CLANG_ANALYZER_NONNULL = YES;
				CLANG_ANALYZER_NUMBER_OBJECT_CONVERSION = YES_AGGRESSIVE;
				CLANG_CXX_LANGUAGE_STANDARD = "gnu++14";
				CLANG_CXX_LIBRARY = "libc++";
				CLANG_ENABLE_MODULES = YES;
				CLANG_ENABLE_OBJC_ARC = YES;
				CLANG_WARN_BLOCK_CAPTURE_AUTORELEASING = YES;
				CLANG_WARN_BOOL_CONVERSION = YES;
				CLANG_WARN_COMMA = YES;
				CLANG_WARN_CONSTANT_CONVERSION = YES;
				CLANG_WARN_DEPRECATED_OBJC_IMPLEMENTATIONS = YES;
				CLANG_WARN_DIRECT_OBJC_ISA_USAGE = YES_ERROR;
				CLANG_WARN_DOCUMENTATION_COMMENTS = YES;
				CLANG_WARN_EMPTY_BODY = YES;
				CLANG_WARN_ENUM_CONVERSION = YES;
				CLANG_WARN_INFINITE_RECURSION = YES;
				CLANG_WARN_INT_CONVERSION = YES;
				CLANG_WARN_NON_LITERAL_NULL_CONVERSION = YES;
				CLANG_WARN_OBJC_IMPLICIT_RETAIN_SELF = YES;
				CLANG_WARN_OBJC_LITERAL_CONVERSION = YES;
				CLANG_WARN_OBJC_ROOT_CLASS = YES_ERROR;
				CLANG_WARN_RANGE_LOOP_ANALYSIS = YES;
				CLANG_WARN_STRICT_PROTOTYPES = YES;
				CLANG_WARN_SUSPICIOUS_MOVE = YES;
				CLANG_WARN_UNGUARDED_AVAILABILITY = YES_AGGRESSIVE;
				CLANG_WARN_UNREACHABLE_CODE = YES;
				CLANG_WARN__DUPLICATE_METHOD_MATCH = YES;
				CODE_SIGN_IDENTITY = "iPhone Developer";
				COPY_PHASE_STRIP = NO;
				DEBUG_INFORMATION_FORMAT = dwarf;
				ENABLE_STRICT_OBJC_MSGSEND = YES;
				ENABLE_TESTABILITY = YES;
				GCC_C_LANGUAGE_STANDARD = gnu11;
				GCC_DYNAMIC_NO_PIC = NO;
				GCC_NO_COMMON_BLOCKS = YES;
				GCC_OPTIMIZATION_LEVEL = 0;
				GCC_PREPROCESSOR_DEFINITIONS = (
					"DEBUG=1",
					"$(inherited)",
				);
				GCC_WARN_64_TO_32_BIT_CONVERSION = YES;
				GCC_WARN_ABOUT_RETURN_TYPE = YES_ERROR;
				GCC_WARN_UNDECLARED_SELECTOR = YES;
				GCC_WARN_UNINITIALIZED_AUTOS = YES_AGGRESSIVE;
				GCC_WARN_UNUSED_FUNCTION = YES;
				GCC_WARN_UNUSED_VARIABLE = YES;
				IPHONEOS_DEPLOYMENT_TARGET = 11.0;
				MTL_ENABLE_DEBUG_INFO = YES;
				ONLY_ACTIVE_ARCH = YES;
				SDKROOT = iphoneos;
				SWIFT_ACTIVE_COMPILATION_CONDITIONS = DEBUG;
				SWIFT_OPTIMIZATION_LEVEL = "-Onone";
			};
			name = Debug;
		};
		766439F81F7C92D600DAF771 /* Release */ = {
			isa = XCBuildConfiguration;
			buildSettings = {
				ALWAYS_SEARCH_USER_PATHS = NO;
				CLANG_ANALYZER_LOCALIZABILITY_NONLOCALIZED = YES;
				CLANG_ANALYZER_NONNULL = YES;
				CLANG_ANALYZER_NUMBER_OBJECT_CONVERSION = YES_AGGRESSIVE;
				CLANG_CXX_LANGUAGE_STANDARD = "gnu++14";
				CLANG_CXX_LIBRARY = "libc++";
				CLANG_ENABLE_MODULES = YES;
				CLANG_ENABLE_OBJC_ARC = YES;
				CLANG_WARN_BLOCK_CAPTURE_AUTORELEASING = YES;
				CLANG_WARN_BOOL_CONVERSION = YES;
				CLANG_WARN_COMMA = YES;
				CLANG_WARN_CONSTANT_CONVERSION = YES;
				CLANG_WARN_DEPRECATED_OBJC_IMPLEMENTATIONS = YES;
				CLANG_WARN_DIRECT_OBJC_ISA_USAGE = YES_ERROR;
				CLANG_WARN_DOCUMENTATION_COMMENTS = YES;
				CLANG_WARN_EMPTY_BODY = YES;
				CLANG_WARN_ENUM_CONVERSION = YES;
				CLANG_WARN_INFINITE_RECURSION = YES;
				CLANG_WARN_INT_CONVERSION = YES;
				CLANG_WARN_NON_LITERAL_NULL_CONVERSION = YES;
				CLANG_WARN_OBJC_IMPLICIT_RETAIN_SELF = YES;
				CLANG_WARN_OBJC_LITERAL_CONVERSION = YES;
				CLANG_WARN_OBJC_ROOT_CLASS = YES_ERROR;
				CLANG_WARN_RANGE_LOOP_ANALYSIS = YES;
				CLANG_WARN_STRICT_PROTOTYPES = YES;
				CLANG_WARN_SUSPICIOUS_MOVE = YES;
				CLANG_WARN_UNGUARDED_AVAILABILITY = YES_AGGRESSIVE;
				CLANG_WARN_UNREACHABLE_CODE = YES;
				CLANG_WARN__DUPLICATE_METHOD_MATCH = YES;
				CODE_SIGN_IDENTITY = "iPhone Developer";
				COPY_PHASE_STRIP = NO;
				DEBUG_INFORMATION_FORMAT = "dwarf-with-dsym";
				ENABLE_NS_ASSERTIONS = NO;
				ENABLE_STRICT_OBJC_MSGSEND = YES;
				GCC_C_LANGUAGE_STANDARD = gnu11;
				GCC_NO_COMMON_BLOCKS = YES;
				GCC_WARN_64_TO_32_BIT_CONVERSION = YES;
				GCC_WARN_ABOUT_RETURN_TYPE = YES_ERROR;
				GCC_WARN_UNDECLARED_SELECTOR = YES;
				GCC_WARN_UNINITIALIZED_AUTOS = YES_AGGRESSIVE;
				GCC_WARN_UNUSED_FUNCTION = YES;
				GCC_WARN_UNUSED_VARIABLE = YES;
				IPHONEOS_DEPLOYMENT_TARGET = 11.0;
				MTL_ENABLE_DEBUG_INFO = NO;
				SDKROOT = iphoneos;
				SWIFT_COMPILATION_MODE = wholemodule;
				SWIFT_OPTIMIZATION_LEVEL = "-O";
				VALIDATE_PRODUCT = YES;
			};
			name = Release;
		};
		766439FA1F7C92D600DAF771 /* Debug */ = {
			isa = XCBuildConfiguration;
			buildSettings = {
				ASSETCATALOG_COMPILER_APPICON_NAME = AppIcon;
				CODE_SIGN_ENTITLEMENTS = PDFReader/PDFReader.entitlements;
				CODE_SIGN_STYLE = Automatic;
				DEVELOPMENT_TEAM = 77CB32R5F4;
				INFOPLIST_FILE = PDFReader/Info.plist;
				IPHONEOS_DEPLOYMENT_TARGET = 11.3;
				LD_RUNPATH_SEARCH_PATHS = (
					"$(inherited)",
					"@executable_path/Frameworks",
				);
				PRODUCT_BUNDLE_IDENTIFIER = com.hackinggate.PDFReader;
				PRODUCT_NAME = "$(TARGET_NAME)";
				SWIFT_VERSION = 4.2;
				TARGETED_DEVICE_FAMILY = "1,2";
			};
			name = Debug;
		};
		766439FB1F7C92D600DAF771 /* Release */ = {
			isa = XCBuildConfiguration;
			buildSettings = {
				ASSETCATALOG_COMPILER_APPICON_NAME = AppIcon;
				CODE_SIGN_ENTITLEMENTS = PDFReader/PDFReader.entitlements;
				CODE_SIGN_STYLE = Automatic;
				DEVELOPMENT_TEAM = 77CB32R5F4;
				INFOPLIST_FILE = PDFReader/Info.plist;
				IPHONEOS_DEPLOYMENT_TARGET = 11.3;
				LD_RUNPATH_SEARCH_PATHS = (
					"$(inherited)",
					"@executable_path/Frameworks",
				);
				PRODUCT_BUNDLE_IDENTIFIER = com.hackinggate.PDFReader;
				PRODUCT_NAME = "$(TARGET_NAME)";
				SWIFT_VERSION = 4.2;
				TARGETED_DEVICE_FAMILY = "1,2";
			};
			name = Release;
		};
		76655A932187E04B00164F81 /* Debug */ = {
			isa = XCBuildConfiguration;
			buildSettings = {
				CLANG_ENABLE_OBJC_WEAK = YES;
				CODE_SIGN_STYLE = Automatic;
				DEVELOPMENT_TEAM = 77CB32R5F4;
				INFOPLIST_FILE = PDFReaderUITests/Info.plist;
				IPHONEOS_DEPLOYMENT_TARGET = 12.1;
				LD_RUNPATH_SEARCH_PATHS = (
					"$(inherited)",
					"@executable_path/Frameworks",
					"@loader_path/Frameworks",
				);
				MTL_ENABLE_DEBUG_INFO = INCLUDE_SOURCE;
				MTL_FAST_MATH = YES;
				PRODUCT_BUNDLE_IDENTIFIER = com.hackinggate.PDFReaderUITests;
				PRODUCT_NAME = "$(TARGET_NAME)";
				SWIFT_VERSION = 4.2;
				TARGETED_DEVICE_FAMILY = "1,2";
				TEST_TARGET_NAME = PDFReader;
			};
			name = Debug;
		};
		76655A942187E04B00164F81 /* Release */ = {
			isa = XCBuildConfiguration;
			buildSettings = {
				CLANG_ENABLE_OBJC_WEAK = YES;
				CODE_SIGN_STYLE = Automatic;
				DEVELOPMENT_TEAM = 77CB32R5F4;
				INFOPLIST_FILE = PDFReaderUITests/Info.plist;
				IPHONEOS_DEPLOYMENT_TARGET = 12.1;
				LD_RUNPATH_SEARCH_PATHS = (
					"$(inherited)",
					"@executable_path/Frameworks",
					"@loader_path/Frameworks",
				);
				MTL_FAST_MATH = YES;
				PRODUCT_BUNDLE_IDENTIFIER = com.hackinggate.PDFReaderUITests;
				PRODUCT_NAME = "$(TARGET_NAME)";
				SWIFT_VERSION = 4.2;
				TARGETED_DEVICE_FAMILY = "1,2";
				TEST_TARGET_NAME = PDFReader;
			};
			name = Release;
		};
/* End XCBuildConfiguration section */

/* Begin XCConfigurationList section */
		766439DE1F7C92D600DAF771 /* Build configuration list for PBXProject "PDFReader" */ = {
			isa = XCConfigurationList;
			buildConfigurations = (
				766439F71F7C92D600DAF771 /* Debug */,
				766439F81F7C92D600DAF771 /* Release */,
			);
			defaultConfigurationIsVisible = 0;
			defaultConfigurationName = Release;
		};
		766439F91F7C92D600DAF771 /* Build configuration list for PBXNativeTarget "PDFReader" */ = {
			isa = XCConfigurationList;
			buildConfigurations = (
				766439FA1F7C92D600DAF771 /* Debug */,
				766439FB1F7C92D600DAF771 /* Release */,
			);
			defaultConfigurationIsVisible = 0;
			defaultConfigurationName = Release;
		};
		76655A922187E04B00164F81 /* Build configuration list for PBXNativeTarget "PDFReaderUITests" */ = {
			isa = XCConfigurationList;
			buildConfigurations = (
				76655A932187E04B00164F81 /* Debug */,
				76655A942187E04B00164F81 /* Release */,
			);
			defaultConfigurationIsVisible = 0;
			defaultConfigurationName = Release;
		};
/* End XCConfigurationList section */

/* Begin XCRemoteSwiftPackageReference section */
		C750558C25D8BF5F005D6DC3 /* XCRemoteSwiftPackageReference "HGPDFKit" */ = {
			isa = XCRemoteSwiftPackageReference;
			repositoryURL = "https://github.com/HackingGate/HGPDFKit";
			requirement = {
				kind = upToNextMajorVersion;
				minimumVersion = 0.0.2;
			};
		};
/* End XCRemoteSwiftPackageReference section */

/* Begin XCSwiftPackageProductDependency section */
		C750558D25D8BF5F005D6DC3 /* HGPDFKit */ = {
			isa = XCSwiftPackageProductDependency;
			package = C750558C25D8BF5F005D6DC3 /* XCRemoteSwiftPackageReference "HGPDFKit" */;
			productName = HGPDFKit;
		};
/* End XCSwiftPackageProductDependency section */

/* Begin XCVersionGroup section */
		76C185F41FFF67D200F83A1B /* PDFReader.xcdatamodeld */ = {
			isa = XCVersionGroup;
			children = (
				76C185F51FFF67D200F83A1B /* PDFReader.xcdatamodel */,
			);
			currentVersion = 76C185F51FFF67D200F83A1B /* PDFReader.xcdatamodel */;
			path = PDFReader.xcdatamodeld;
			sourceTree = "<group>";
			versionGroupType = wrapper.xcdatamodel;
		};
/* End XCVersionGroup section */
	};
	rootObject = 766439DB1F7C92D600DAF771 /* Project object */;
}
